
Microsoft Visual Studio Solution File, Format Version 12.00
# Visual Studio Version 16
VisualStudioVersion = 16.0.30320.27
MinimumVisualStudioVersion = 10.0.40219.1
Project("{FAE04EC0-301F-11D3-BF4B-00C04F79EFBC}") = "ERPSysterm", "ERPSysterm.csproj", "{8BB10791-6CF8-475E-BEC9-5F367F7CAF42}"
EndProject
Global
	GlobalSection(SolutionConfigurationPlatforms) = preSolution
		Debug|Any CPU = Debug|Any CPU
		Release|Any CPU = Release|Any CPU
	EndGlobalSection
	GlobalSection(ProjectConfigurationPlatforms) = postSolution
		{8BB10791-6CF8-475E-BEC9-5F367F7CAF42}.Debug|Any CPU.ActiveCfg = Debug|Any CPU
		{8BB10791-6CF8-475E-BEC9-5F367F7CAF42}.Debug|Any CPU.Build.0 = Debug|Any CPU
		{8BB10791-6CF8-475E-BEC9-5F367F7CAF42}.Release|Any CPU.ActiveCfg = Release|Any CPU
		{8BB10791-6CF8-475E-BEC9-5F367F7CAF42}.Release|Any CPU.Build.0 = Release|Any CPU
	EndGlobalSection
	GlobalSection(SolutionProperties) = preSolution
		HideSolutionNode = FALSE
	EndGlobalSection
	GlobalSection(ExtensibilityGlobals) = postSolution
		SolutionGuid = {AAD3BE03-E355-437B-8161-5CE308794731}
	EndGlobalSection
EndGlobal
